
Microsoft Visual Studio Solution File, Format Version 12.00
# Visual Studio Version 17
VisualStudioVersion = 17.0.31903.59
MinimumVisualStudioVersion = 10.0.40219.1
Project("{FAE04EC0-301F-11D3-BF4B-00C04F79EFBC}") = "day01", "day01\day01.csproj", "{AABA3A03-B11A-42D6-80B3-98F3D327A70C}"
EndProject
Project("{FAE04EC0-301F-11D3-BF4B-00C04F79EFBC}") = "day02", "day02\day02.csproj", "{247DA584-14A2-4935-B4BB-1336EC612BB5}"
EndProject
Project("{FAE04EC0-301F-11D3-BF4B-00C04F79EFBC}") = "day03", "day03\day03.csproj", "{36E26E21-173A-4295-BC95-B54714D875F9}"
EndProject
Project("{FAE04EC0-301F-11D3-BF4B-00C04F79EFBC}") = "day04", "day04\day04.csproj", "{D99594EB-1037-4752-9662-7D55F481B22E}"
EndProject
Project("{FAE04EC0-301F-11D3-BF4B-00C04F79EFBC}") = "day05", "day05\day05.csproj", "{A19CC082-1C18-4360-9FD0-F4AF161FB543}"
EndProject
Project("{FAE04EC0-301F-11D3-BF4B-00C04F79EFBC}") = "day06", "day06\day06.csproj", "{F50C24F5-6558-43A7-8997-F7AE3A1165D4}"
EndProject
Project("{FAE04EC0-301F-11D3-BF4B-00C04F79EFBC}") = "day07", "day07\day07.csproj", "{9A9A2C39-FD95-43AA-937C-B53AF14ECA6C}"
EndProject
Project("{FAE04EC0-301F-11D3-BF4B-00C04F79EFBC}") = "day08", "day08\day08.csproj", "{8BF8072A-6593-4AD2-9AEB-4CCB4BDCFDE3}"
EndProject
Project("{FAE04EC0-301F-11D3-BF4B-00C04F79EFBC}") = "day09", "day09\day09.csproj", "{9013390B-A868-463C-807A-B6E5B2F7ED9E}"
EndProject
Global
	GlobalSection(SolutionConfigurationPlatforms) = preSolution
		Debug|Any CPU = Debug|Any CPU
		Release|Any CPU = Release|Any CPU
	EndGlobalSection
	GlobalSection(SolutionProperties) = preSolution
		HideSolutionNode = FALSE
	EndGlobalSection
	GlobalSection(ProjectConfigurationPlatforms) = postSolution
		{AABA3A03-B11A-42D6-80B3-98F3D327A70C}.Debug|Any CPU.ActiveCfg = Debug|Any CPU
		{AABA3A03-B11A-42D6-80B3-98F3D327A70C}.Debug|Any CPU.Build.0 = Debug|Any CPU
		{AABA3A03-B11A-42D6-80B3-98F3D327A70C}.Release|Any CPU.ActiveCfg = Release|Any CPU
		{AABA3A03-B11A-42D6-80B3-98F3D327A70C}.Release|Any CPU.Build.0 = Release|Any CPU
		{247DA584-14A2-4935-B4BB-1336EC612BB5}.Debug|Any CPU.ActiveCfg = Debug|Any CPU
		{247DA584-14A2-4935-B4BB-1336EC612BB5}.Debug|Any CPU.Build.0 = Debug|Any CPU
		{247DA584-14A2-4935-B4BB-1336EC612BB5}.Release|Any CPU.ActiveCfg = Release|Any CPU
		{247DA584-14A2-4935-B4BB-1336EC612BB5}.Release|Any CPU.Build.0 = Release|Any CPU
		{36E26E21-173A-4295-BC95-B54714D875F9}.Debug|Any CPU.ActiveCfg = Debug|Any CPU
		{36E26E21-173A-4295-BC95-B54714D875F9}.Debug|Any CPU.Build.0 = Debug|Any CPU
		{36E26E21-173A-4295-BC95-B54714D875F9}.Release|Any CPU.ActiveCfg = Release|Any CPU
		{36E26E21-173A-4295-BC95-B54714D875F9}.Release|Any CPU.Build.0 = Release|Any CPU
		{D99594EB-1037-4752-9662-7D55F481B22E}.Debug|Any CPU.ActiveCfg = Debug|Any CPU
		{D99594EB-1037-4752-9662-7D55F481B22E}.Debug|Any CPU.Build.0 = Debug|Any CPU
		{D99594EB-1037-4752-9662-7D55F481B22E}.Release|Any CPU.ActiveCfg = Release|Any CPU
		{D99594EB-1037-4752-9662-7D55F481B22E}.Release|Any CPU.Build.0 = Release|Any CPU
		{A19CC082-1C18-4360-9FD0-F4AF161FB543}.Debug|Any CPU.ActiveCfg = Debug|Any CPU
		{A19CC082-1C18-4360-9FD0-F4AF161FB543}.Debug|Any CPU.Build.0 = Debug|Any CPU
		{A19CC082-1C18-4360-9FD0-F4AF161FB543}.Release|Any CPU.ActiveCfg = Release|Any CPU
		{A19CC082-1C18-4360-9FD0-F4AF161FB543}.Release|Any CPU.Build.0 = Release|Any CPU
		{F50C24F5-6558-43A7-8997-F7AE3A1165D4}.Debug|Any CPU.ActiveCfg = Debug|Any CPU
		{F50C24F5-6558-43A7-8997-F7AE3A1165D4}.Debug|Any CPU.Build.0 = Debug|Any CPU
		{F50C24F5-6558-43A7-8997-F7AE3A1165D4}.Release|Any CPU.ActiveCfg = Release|Any CPU
		{F50C24F5-6558-43A7-8997-F7AE3A1165D4}.Release|Any CPU.Build.0 = Release|Any CPU
		{9A9A2C39-FD95-43AA-937C-B53AF14ECA6C}.Debug|Any CPU.ActiveCfg = Debug|Any CPU
		{9A9A2C39-FD95-43AA-937C-B53AF14ECA6C}.Debug|Any CPU.Build.0 = Debug|Any CPU
		{9A9A2C39-FD95-43AA-937C-B53AF14ECA6C}.Release|Any CPU.ActiveCfg = Release|Any CPU
		{9A9A2C39-FD95-43AA-937C-B53AF14ECA6C}.Release|Any CPU.Build.0 = Release|Any CPU
		{8BF8072A-6593-4AD2-9AEB-4CCB4BDCFDE3}.Debug|Any CPU.ActiveCfg = Debug|Any CPU
		{8BF8072A-6593-4AD2-9AEB-4CCB4BDCFDE3}.Debug|Any CPU.Build.0 = Debug|Any CPU
		{8BF8072A-6593-4AD2-9AEB-4CCB4BDCFDE3}.Release|Any CPU.ActiveCfg = Release|Any CPU
		{8BF8072A-6593-4AD2-9AEB-4CCB4BDCFDE3}.Release|Any CPU.Build.0 = Release|Any CPU
		{9013390B-A868-463C-807A-B6E5B2F7ED9E}.Debug|Any CPU.ActiveCfg = Debug|Any CPU
		{9013390B-A868-463C-807A-B6E5B2F7ED9E}.Debug|Any CPU.Build.0 = Debug|Any CPU
		{9013390B-A868-463C-807A-B6E5B2F7ED9E}.Release|Any CPU.ActiveCfg = Release|Any CPU
		{9013390B-A868-463C-807A-B6E5B2F7ED9E}.Release|Any CPU.Build.0 = Release|Any CPU
	EndGlobalSection
EndGlobal
